lockfileVersion: '9.0'

settings:
  autoInstallPeers: true
  excludeLinksFromLockfile: false

importers:

  .:
    dependencies:
      '@brillout/part-regex':
        specifier: ^0.1.4
        version: 0.1.4
      '@brillout/picocolors':
        specifier: ^1.0.9
        version: 1.0.9
      chai:
        specifier: ^4.3.6
        version: 4.3.6
      fast-glob:
        specifier: ^3.2.12
        version: 3.2.12
      pixelmatch:
        specifier: ^5.3.0
        version: 5.3.0
      playwright-chromium:
        specifier: ^1.22.2
        version: 1.26.0
      pngjs:
        specifier: ^6.0.0
        version: 6.0.0
      rolldown:
        specifier: ^1.0.0
        version: 1.2.11
      source-map-support:
        specifier: ^0.5.21
        version: 0.5.21
      strip-ansi:
        specifier: ^6.0.1
        version: 6.0.1
    devDependencies:
      '@biomejs/biome':
        specifier: ^1.5.3
        version: 1.6.2
      '@brillout/release-me':
        specifier: ^0.4.18
        version: 0.4.18(conventional-commits-filter@5.0.0)
      '@types/chai':
        specifier: ^4.3.3
        version: 4.3.3
      '@types/node':
        specifier: ^15.6.1
        version: 15.14.9
      '@types/pixelmatch':
        specifier: ^5.2.4
        version: 5.2.4
      '@types/pngjs':
        specifier: ^6.0.1
        version: 6.0.1
      '@types/source-map-support':
        specifier: ^0.5.6
        version: 0.5.6
      prettier:
        specifier: ^3.2.5
        version: 3.2.5
      typescript:
        specifier: ^7.0.2
        version: 7.0.2

packages:

  '@biomejs/biome@1.6.2':
    resolution: {integrity: sha512-vw6JhYnpLRRDaawI+d7NaQj17F7LSSJrgT03IQUETwRUG3Q1/a4ByJRphTVXPuhiTnaKVmUlEF3I5NSitcdD+g==}
    engines: {node: '>=14.*'}
    hasBin: true

  '@biomejs/cli-darwin-arm64@1.6.2':
    resolution: {integrity: sha512-2sGcNO1wDuQ6r97/SDaPzP3ehrCL7qHXpVggcB/OonbVBEamqIkN1tHsID/snnX3R2ax2QTarjb4bQ+1BpEWzA==}
    engines: {node: '>=14.*'}
    cpu: [arm64]
    os: [darwin]

  '@biomejs/cli-darwin-x64@1.6.2':
    resolution: {integrity: sha512-qtHDXIHd7eRIHv41XdG6pt1dbw+qiD0OgLlJn5rvW20kSSFfLxW8yc4upcC1PzlruP1BQpKFec3r5rx1duTtzw==}
    engines: {node: '>=14.*'}
    cpu: [x64]
    os: [darwin]

  '@biomejs/cli-linux-arm64-musl@1.6.2':
    resolution: {integrity: sha512-ej3Jj6O9KUSCJUWqVs+9aOo6IcRIALHaGFB20wnQTWtRMFhu1PluM48MrQtMKputgdk5/CopQ662IdKf1PeuEg==}
    engines: {node: '>=14.*'}
    cpu: [arm64]
    os: [linux]

  '@biomejs/cli-linux-arm64@1.6.2':
    resolution: {integrity: sha512-e1FJ59lx84QoqQgu1/uzAPIcYGcTkZY/m6Aj8ZHwi7KoWAE5xSogximFHNQ82lS4qkUfG7KaPTbYT6cGJjN9jQ==}
    engines: {node: '>=14.*'}
    cpu: [arm64]
    os: [linux]

  '@biomejs/cli-linux-x64-musl@1.6.2':
    resolution: {integrity: sha512-uOVt4UBkFTFtdXgPX3QuSHRPVIvj07FP0P7A0UOP++idd0r9Bxyt5iIBaAORM3eQyGQqzCGPln1GuM6GalYKzg==}
    engines: {node: '>=14.*'}
    cpu: [x64]
    os: [linux]

  '@biomejs/cli-linux-x64@1.6.2':
    resolution: {integrity: sha512-S6Wc5YX6aLDLMzwlDmiw/kjK62Ex+xzE432M5ge9q8tSCluGeHIzrenrJlu8E0xPG2FEipDaK4iqwnjS9O6e2A==}
    engines: {node: '>=14.*'}
    cpu: [x64]
    os: [linux]

  '@biomejs/cli-win32-arm64@1.6.2':
    resolution: {integrity: sha512-5zuxNyvnKy7oLN7KLkqcYpsMKGubfMaeQ+RqnpFsmrofQAxpOo6EL/TyJvr8g533Z0a2/cQ/ALqnwl0mN3KQoQ==}
    engines: {node: '>=14.*'}
    cpu: [arm64]
    os: [win32]

  '@biomejs/cli-win32-x64@1.6.2':
    resolution: {integrity: sha512-O3nf09/m3cb3/U3M+uO4l236iTZr4F4SmLNG3okKXPfyZqKLNnF6OjdTHOYEiNXnGEtlRuUeemqb3vht9JkXaw==}
    engines: {node: '>=14.*'}
    cpu: [x64]
    os: [win32]

  '@brillout/part-regex@0.1.4':
    resolution: {integrity: sha512-PQy5LfRmIueEfGwhvMedsnj6KulDfxlfvUaTsUchBqA7nTge4C7taG/V6np2uCHVxxE4+cSmwM4COn9aNcMn7g==}

  '@brillout/picocolors@1.0.31':
    resolution: {integrity: sha512-xFCPBefU/AevF8XkwXSd/jIHA0fWw+mZ/gd5x2WOc5ysG7keHnU8m0gwY2Bvq5lvTyjwT4tiyow6fnMoYdmSqw==}

  '@brillout/picocolors@1.0.9':
    resolution: {integrity: sha512-Lt/W5JsA75hcDJ2cOAlE4TqSMl6c9K+rXGRo/cU2fApnmhbRcNdkR4UHQDAwtWfZyUKWaxdwSui+jp+74J1pZg==}

  '@brillout/release-me@0.4.18':
    resolution: {integrity: sha512-X+IQ4pFYYuBiVgUxNTx/wpFQ4b/JLFI2OkDxW6IlA10TeJOGYrDSst1xuEzi7FmHw8kEzd0zU79yF+8bO4dnFA==}
    hasBin: true

  '@conventional-changelog/git-client@2.7.0':
    resolution: {integrity: sha512-j7A8/LBEQ+3rugMzPXoKYzyUPpw/0CBQCyvtTR7Lmu4olG4yRC/Tfkq79Mr3yuPs0SUitlO2HwGP3gitMJnRFw==}
    engines: {node: '>=18'}
    peerDependencies:
      conventional-commits-filter: ^5.0.0
      conventional-commits-parser: ^6.4.0
    peerDependenciesMeta:
      conventional-commits-filter:
        optional: true
      conventional-commits-parser:
        optional: true

  '@nodelib/fs.scandir@2.1.5':
    resolution: {integrity: sha512-vq24Bq3ym5HEQm2NKCr3yXDwjc7vTsEThRDnkp2DK9p1uqLR+DHurm/NOTo0KG7HYHU7eppKZj3MyqYuMBf62g==}
    engines: {node: '>= 8'}

  '@nodelib/fs.stat@2.0.5':
    resolution: {integrity: sha512-RkhPPp2zrqDAQA/2jNhnztcPAlv64XdhIp7a7454A5ovI7Bukxgt7MX7udwAu3zg1DcpPU0rz3VV1SeaqvY4+A==}
    engines: {node: '>= 8'}

  '@nodelib/fs.walk@1.2.8':
    resolution: {integrity: sha512-oGB+UxlgWcgQkgwo8GcEGwemoTFt3FIO9ababBmaGwXIoBKZ+GTy0pP185beGg7Llih/NSHSV2XAs1lnznocSg==}
    engines: {node: '>= 8'}

  '@oxc-project/types@0.151.0':
    resolution: {integrity: sha512-J1yXrIlNDZVzE3ada310xeAw7nH8yCAyLPuUIsjKatFPmfn5bS1oW+cM+QsGOtVWd5nhSpbwZWx/rue+r5Z+PA==}

  '@rolldown/binding-android-arm-eabi@1.2.11':
    resolution: {integrity: sha512-A5kXfGKvKWWZE0TtPrfsvT+q4Y5d1QG8gGUzpYjGydM+fARM9MuX90PrXYXe0XbsDVgyxxNzHo6giCj90bsFNw==}
    engines: {node: ^20.19.0 || >=22.12.0}
    cpu: [arm]
    os: [android]

  '@rolldown/binding-android-arm64@1.2.11':
    resolution: {integrity: sha512-z6cTycz+iJ4PVkuL4HHW4DfTfoeU/2nqYYuSOrTmH7yHK5Y0LCOnA03V4ZNxavyVaU1oOqUgIg2klN/s+USGOA==}
    engines: {node: ^20.19.0 || >=22.12.0}
    cpu: [arm64]
    os: [android]

  '@rolldown/binding-darwin-arm64@1.2.11':
    resolution: {integrity: sha512-jShvqNtP6vDC6/A5JOAzbVV+DkgHqhl/ScVCJEbt+TUY6QYz7YnXcrg3sLtFBniro0f/Ld50ZwCWA6f7KYD1nQ==}
    engines: {node: ^20.19.0 || >=22.12.0}
    cpu: [arm64]
    os: [darwin]

  '@rolldown/binding-darwin-x64@1.2.11':
    resolution: {integrity: sha512-f2i2xiNWq1Z1l2++q2fuhZRdLAT3aqxD6vRNm1RAxpUoBcdqNB3C0s1Bt+K+PbEx2F5F4gQp6hqKkphCY/xF9w==}
    engines: {node: ^20.19.0 || >=22.12.0}
    cpu: [x64]
    os: [darwin]

  '@rolldown/binding-freebsd-x64@1.2.11':
    resolution: {integrity: sha512-4Ir5FSOKIAMr4r0kExpt1s3bMgzJU3rA45AYOHtQpls0oNeqcYBKrWMlckrYH4KCfGLfkfn1tN1dmZPMVsdXow==}
    engines: {node: ^20.19.0 || >=22.12.0}
    cpu: [x64]
    os: [freebsd]

  '@rolldown/binding-linux-arm-gnueabihf@1.2.11':
    resolution: {integrity: sha512-/gnRDM+39BROzAN/k1OZjDPnDMcZxB/0EUxKjONO5yVkNEvlsoMDrxGNKgZi/ttFriS2gwlDNzB65pvNbFOXIQ==}
    engines: {node: ^20.19.0 || >=22.12.0}
    cpu: [arm]
    os: [linux]

  '@rolldown/binding-linux-arm64-gnu@1.2.11':
    resolution: {integrity: sha512-PFaK8HwvAHbaKbBcDNQihjMKYvFnA5hiENx/l5tphTDz1E0WFp32l0A7aq7lyUwGsRw/xSrNIy/gIK4thrSCrw==}
    engines: {node: ^20.19.0 || >=22.12.0}
    cpu: [arm64]
    os: [linux]

  '@rolldown/binding-linux-arm64-musl@1.2.11':
    resolution: {integrity: sha512-AskzJUIKRLPxkruR1wLKewGbOw+EYfU/9lOrBFj4AFrEA8hPpKFnODWNu2WLaNs0QNkEb9QIJufmVZZIL/bJlg==}
    engines: {node: ^20.19.0 || >=22.12.0}
    cpu: [arm64]
    os: [linux]

  '@rolldown/binding-linux-ppc64-gnu@1.2.11':
    resolution: {integrity: sha512-qlUGAheh2yh8afH7QBgx0PrRHN85hKnNd78x8MeMhXivuevgd8vgf6/CstOzmNKY/lLTHvNTrPy98cLnAugzJw==}
    engines: {node: ^20.19.0 || >=22.12.0}
    cpu: [ppc64]
    os: [linux]

  '@rolldown/binding-linux-s390x-gnu@1.2.11':
    resolution: {integrity: sha512-secpEad+0vCbSfn8upFySkDskv+bGPk3THSDS9Y89yc4rb4kzqHp8Dmyd9BkQW4SnhNXBZCl/6CrO//hZahNJQ==}
    engines: {node: ^20.19.0 || >=22.12.0}
    cpu: [s390x]
    os: [linux]

  '@rolldown/binding-linux-x64-gnu@1.2.11':
    resolution: {integrity: sha512-mOVBT3dPpkWm8XBWPmU4bf+U6dYDLeMo/9ojUmis4N0L5uu10qra5vOyngZ7/PSdoE4G9KvRt4bloRxNjLas7A==}
    engines: {node: ^20.19.0 || >=22.12.0}
    cpu: [x64]
    os: [linux]

  '@rolldown/binding-linux-x64-musl@1.2.11':
    resolution: {integrity: sha512-Is78i9A8Ui4SqcxUwFJ9uMmjDn58IbVTjFWYdQestFEgeuEmHMLGNriXnVJKkwG2YiZjw8cP0zCTyDMdDGtOOg==}
    engines: {node: ^20.19.0 || >=22.12.0}
    cpu: [x64]
    os: [linux]

  '@rolldown/binding-openharmony-arm64@1.2.11':
    resolution: {integrity: sha512-dUCXneZ87INUMyQ0D+C0HrEBNUPNXHaPmU5GTjyKTJEiussw9Kaj5Ln8UztPe4epV/ffvgNBEadksdYhmW6xJA==}
    engines: {node: ^20.19.0 || >=22.12.0}
    cpu: [arm64]
    os: [openharmony]

  '@rolldown/binding-win32-arm64-msvc@1.2.11':
    resolution: {integrity: sha512-jByxb6qfd+bH1xUd0qnfFnb17i9sWBPY2tOavJ0l3tdr3OTu+Kvtm8cd/JV5nFt657b1VqGltxg9olOEfofXWw==}
    engines: {node: ^20.19.0 || >=22.12.0}
    cpu: [arm64]
    os: [win32]

  '@rolldown/binding-win32-x64-msvc@1.2.11':
    resolution: {integrity: sha512-/PzKqzAJ03i19oy2ItPvyvaVjOjBCNnfaJs8yvUdGBKmiESgnrJSQ2awd81QzFbbnAmu7YO9ZnJrDCb9VSJPRA==}
    engines: {node: ^20.19.0 || >=22.12.0}
    cpu: [x64]
    os: [win32]

  '@rolldown/pluginutils@1.0.1':
    resolution: {integrity: sha512-2j9bGt5Jh8hj+vPtgzPtl72j0yRxHAyumoo6TNfAjsLB04UtpSvPbPcDcBMxz7n+9CYB0c1GxQFxYRg2jimqGw==}

  '@simple-libs/child-process-utils@1.0.2':
    resolution: {integrity: sha512-/4R8QKnd/8agJynkNdJmNw2MBxuFTRcNFnE5Sg/G+jkSsV8/UBgULMzhizWWW42p8L5H7flImV2ATi79Ove2Tw==}
    engines: {node: '>=18'}

  '@simple-libs/stream-utils@1.2.0':
    resolution: {integrity: sha512-KxXvfapcixpz6rVEB6HPjOUZT22yN6v0vI0urQSk1L8MlEWPDFCZkhw2xmkyoTGYeFw7tWTZd7e3lVzRZRN/EA==}
    engines: {node: '>=18'}

  '@types/chai@4.3.3':
    resolution: {integrity: sha512-hC7OMnszpxhZPduX+m+nrx+uFoLkWOMiR4oa/AZF3MuSETYTZmFfJAHqZEM8MVlvfG7BEUcgvtwoCTxBp6hm3g==}

  '@types/node@15.14.9':
    resolution: {integrity: sha512-qjd88DrCxupx/kJD5yQgZdcYKZKSIGBVDIBE1/LTGcNm3d2Np/jxojkdePDdfnBHJc5W7vSMpbJ1aB7p/Py69A==}

  '@types/normalize-package-data@2.4.4':
    resolution: {integrity: sha512-37i+OaWTh9qeK4LSHPsyRC7NahnGotNuZvjLSgcPzblpHB3rrCJxAOgI5gCdKm7coonsaX1Of0ILiTcnZjbfxA==}

  '@types/pixelmatch@5.2.4':
    resolution: {integrity: sha512-HDaSHIAv9kwpMN7zlmwfTv6gax0PiporJOipcrGsVNF3Ba+kryOZc0Pio5pn6NhisgWr7TaajlPEKTbTAypIBQ==}

  '@types/pngjs@6.0.1':
    resolution: {integrity: sha512-J39njbdW1U/6YyVXvC9+1iflZghP8jgRf2ndYghdJb5xL49LYDB+1EuAxfbuJ2IBbWIL3AjHPQhgaTxT3YaYeg==}

  '@types/source-map-support@0.5.6':
    resolution: {integrity: sha512-b2nJ9YyXmkhGaa2b8VLM0kJ04xxwNyijcq12/kDoomCt43qbHBeK2SLNJ9iJmETaAj+bKUT05PQUu3Q66GvLhQ==}

  '@typescript/typescript-aix-ppc64@7.0.2':
    resolution: {integrity: sha512-MTKKkWB7p/0E9xi1d1tHtZ5PiLkGEMIq88pK2CubZjOsLtYTLqhgIgi6zepFa+9GHZ6h05NMCkQxGKiPXMxXtQ==}
    engines: {node: '>=16.20.0'}
    cpu: [ppc64]
    os: [aix]

  '@typescript/typescript-darwin-arm64@7.0.2':
    resolution: {integrity: sha512-gowzar9MwS/aRWp6f3a4KUqzRjAZjOsmGNCM6LcTgXum+dBfgsBVMN+AgvOCCbguXyick6LJhpBszxMebJ8syA==}
    engines: {node: '>=16.20.0'}
    cpu: [arm64]
    os: [darwin]

  '@typescript/typescript-darwin-x64@7.0.2':
    resolution: {integrity: sha512-SZ9xZInqApNlNGc9s0W1VSsktYSOe9cFqNOIqmN1Gs8SmkjKZYFt017G4VwPxASInODuAdbTW7sXiFUf893RgA==}
    engines: {node: '>=16.20.0'}
    cpu: [x64]
    os: [darwin]

  '@typescript/typescript-freebsd-arm64@7.0.2':
    resolution: {integrity: sha512-W5NH4y/J0plIIS5b2xvTEkU7JFxyqdMAOgf+Ilhl0vHQXKO5dZoxd+C/jEtq56c4F3wk71RB4BMRQ2XdI+bwYQ==}
    engines: {node: '>=16.20.0'}
    cpu: [arm64]
    os: [freebsd]

  '@typescript/typescript-freebsd-x64@7.0.2':
    resolution: {integrity: sha512-UMGDx5sTpzNw3WiPebH7l90IWfJggEd+egHt/q6p7/Cm3zqoV7VxkGXt+3DxPIw8CcmvAB0j3sVVfbhX+M4Tpw==}
    engines: {node: '>=16.20.0'}
    cpu: [x64]
    os: [freebsd]

  '@typescript/typescript-linux-arm64@7.0.2':
    resolution: {integrity: sha512-Qh4eU4/y3yDjnfjjyPYihMj5/ODIlmt+Bzu17OI+fiSRDW57QmU5SiN63exPRNJPKUzcc1INa1NXdrJ+MqHjUQ==}
    engines: {node: '>=16.20.0'}
    cpu: [arm64]
    os: [linux]

  '@typescript/typescript-linux-arm@7.0.2':
    resolution: {integrity: sha512-gffT3xPz9sR7j/YJExkyPntrI0P2EP9XbOyWzth2/Gs0RstK+90RBcO0ncXoXy/beYll1SXw846Nf2zdnEz0QQ==}
    engines: {node: '>=16.20.0'}
    cpu: [arm]
    os: [linux]

  '@typescript/typescript-linux-loong64@7.0.2':
    resolution: {integrity: sha512-uEHck9i8hoAzXPiYRib1O7miOnz23SxIeVl6F4LXox+qov1K35jHcEW6VHKvZI+pyvl7fZEP4MCU5LYvIq1GuQ==}
    engines: {node: '>=16.20.0'}
    cpu: [loong64]
    os: [linux]

  '@typescript/typescript-linux-mips64el@7.0.2':
    resolution: {integrity: sha512-R4KvAMnE43W5Qeqb0Ly56O3mWMWIAgsMyz36DCaycd5nbg/9kzm0liw3JocfRqyJY0KPmzFjbswozXyW0DnIYA==}
    engines: {node: '>=16.20.0'}
    cpu: [mips64el]
    os: [linux]

  '@typescript/typescript-linux-ppc64@7.0.2':
    resolution: {integrity: sha512-DORx5b3sd/4S7eayxm4FQv+A7CrkUIGRaHiwI8oiHTAI1fAPWhF4J0vAlkC8biAlHSVVwxMQ3tjZ2/DVbnQiiA==}
    engines: {node: '>=16.20.0'}
    cpu: [ppc64]
    os: [linux]

  '@typescript/typescript-linux-riscv64@7.0.2':
    resolution: {integrity: sha512-wf0jqEDOjrPRnKwYRyyJDRo11KMbvMFrU+q4zqKyChODBzvlkbhNQfKvLxQCcwTpdDaXSHZTVuh0JoCrKCUMHQ==}
    engines: {node: '>=16.20.0'}
    cpu: [riscv64]
    os: [linux]

  '@typescript/typescript-linux-s390x@7.0.2':
    resolution: {integrity: sha512-IkwJc3L7yhytWd/ewjyxNDfOmswCm9GWMJT/ue/dU4aZNbwZeYAetq42VyLmsmSjvoX7z74X6ZaYCtzAr0EuGw==}
    engines: {node: '>=16.20.0'}
    cpu: [s390x]
    os: [linux]

  '@typescript/typescript-linux-x64@7.0.2':
    resolution: {integrity: sha512-EYdf2cNg7rgCWJnxCdJ+F3V39O8ihb37eHAu1LK8oAFizgTQbPOK7zHHXbPt8rX24COqODXeI3sIf0fCXG7H/A==}
    engines: {node: '>=16.20.0'}
    cpu: [x64]
    os: [linux]

  '@typescript/typescript-netbsd-arm64@7.0.2':
    resolution: {integrity: sha512-+polYF4MF04aPpO5FTkHran9yUQDSXqy5GiSDKpsll5jy3l3+g9QLhpf39T+ePtefhXLOGrLl0QIjkQP6VnelA==}
    engines: {node: '>=16.20.0'}
    cpu: [arm64]
    os: [netbsd]

  '@typescript/typescript-netbsd-x64@7.0.2':
    resolution: {integrity: sha512-8YIT0EHM/3dq10ZOVF/A7pc/YSMtbcecct4rWtexrnSCHOPcpC2KTLXfTCR6vDpnSiY12heNb1GiN/wu+T/FyA==}
    engines: {node: '>=16.20.0'}
    cpu: [x64]
    os: [netbsd]

  '@typescript/typescript-openbsd-arm64@7.0.2':
    resolution: {integrity: sha512-APT8+ClYnuYm1u9+kgGXoMj2VzWzcymwh2gNSQVySHfkRDGOTVkoWLjCmOQSaO+PoqQ57B0flRp9SA+7GnnkzQ==}
    engines: {node: '>=16.20.0'}
    cpu: [arm64]
    os: [openbsd]

  '@typescript/typescript-openbsd-x64@7.0.2':
    resolution: {integrity: sha512-yX7s+Q0Dln0Dt9tEzZsAjXXR/+ytBM7AlglaqyeMPxQszJ1JhlJdZ6jLA+IzldHtflX81em7lDao1xXu+aRRkg==}
    engines: {node: '>=16.20.0'}
    cpu: [x64]
    os: [openbsd]

  '@typescript/typescript-sunos-x64@7.0.2':
    resolution: {integrity: sha512-dLJDGaLZ1D4HPQn62u1n8mBDkJREwMsAkCdkwd4Ieqw+x3TUyTsqY0YiBCtE6H6OzzgGk3iuZ3vFWRS+E8/d1g==}
    engines: {node: '>=16.20.0'}
    cpu: [x64]
    os: [sunos]

  '@typescript/typescript-win32-arm64@7.0.2':
    resolution: {integrity: sha512-Gyl1Vy6OsWesLzmq+EP0Fb7b4Nid5232AvcA2SFcdYreldpNtYFFofPjnt62y9hQy7VTaZp65ICJjuAQRaVcIQ==}
    engines: {node: '>=16.20.0'}
    cpu: [arm64]
    os: [win32]

  '@typescript/typescript-win32-x64@7.0.2':
    resolution: {integrity: sha512-0BQ3HkAHHlKLSp1qRvf3SUhGpGsDuhB/jgFw75guyqbxJqEaS0Cw/VFO8i2nHglJUzQCRtMMR/IBAKE3ETMC4g==}
    engines: {node: '>=16.20.0'}
    cpu: [x64]
    os: [win32]

  ansi-regex@5.0.1:
    resolution: {integrity: sha512-quJQXlTSUGL2LH9SUXo8VwsY4soanhgo6LNSm84E1LBcE8s3O0wpdiRzyR9z/ZZJMlMWv37qOOb9pdJlMUEKFQ==}
    engines: {node: '>=8'}

  array-ify@1.0.0:
    resolution: {integrity: sha512-c5AMf34bKdvPhQ7tBGhqkgKNUzMr4WUs+WDtC2ZUGOUncbxKMTvqxYctiseW3+L4bA8ec+GcZ6/A/FW4m8ukng==}

  assertion-error@1.1.0:
    resolution: {integrity: sha512-jgsaNduz+ndvGyFt3uSuWqvy4lCnIJiovtouQN5JZHOKCS2QuhEdbcQHFhVksz2N2U9hXJo8odG7ETyWlEeuDw==}

  braces@3.0.2:
    resolution: {integrity: sha512-b8um+L1RzM3WDSzvhm6gIz1yfTbBt6YTlcEKAvsmqCZZFw46z626lVj9j1yEPW33H5H+lBQpZMP1k8l+78Ha0A==}
    engines: {node: '>=8'}

  buffer-from@1.1.2:
    resolution: {integrity: sha512-E+XQCRwSbaaiChtv6k6Dwgc+bx+Bs6vuKJHHl5kox/BaKbhiXzqQOwK4cO22yElGp2OCmjwVhT3HmxgyPGnJfQ==}

  chai@4.3.6:
    resolution: {integrity: sha512-bbcp3YfHCUzMOvKqsztczerVgBKSsEijCySNlHHbX3VG1nskvqjz5Rfso1gGwD6w6oOV3eI60pKuMOV5MV7p3Q==}
    engines: {node: '>=4'}

  check-error@1.0.2:
    resolution: {integrity: sha512-BrgHpW9NURQgzoNyjfq0Wu6VFO6D7IZEmJNdtgNqpzGG8RuNFHt2jQxWlAs4HMe119chBnv+34syEZtc6IhLtA==}

  commander@11.1.0:
    resolution: {integrity: sha512-yPVavfyCcRhmorC7rWlkHn15b4wDVgVmBA7kV4QVBsF7kv/9TKJAbAXVTxvTnwP8HHKjRCJDClKbciiYS7p0DQ==}
    engines: {node: '>=16'}

  compare-func@2.0.0:
    resolution: {integrity: sha512-zHig5N+tPWARooBnb0Zx1MFcdfpyJrfTJ3Y5L+IFvUm8rM74hHz66z0gw0x4tijh5CorKkKUCnW82R2vmpeCRA==}

  conventional-changelog-angular@8.0.0:
    resolution: {integrity: sha512-CLf+zr6St0wIxos4bmaKHRXWAcsCXrJU6F4VdNDrGRK3B8LDLKoX3zuMV5GhtbGkVR/LohZ6MT6im43vZLSjmA==}
    engines: {node: '>=18'}

  conventional-changelog-preset-loader@5.0.0:
    resolution: {integrity: sha512-SetDSntXLk8Jh1NOAl1Gu5uLiCNSYenB5tm0YVeZKePRIgDW9lQImromTwLa3c/Gae298tsgOM+/CYT9XAl0NA==}
    engines: {node: '>=18'}

  conventional-changelog-writer@8.4.0:
    resolution: {integrity: sha512-HHBFkk1EECxxmCi4CTu091iuDpQv5/OavuCUAuZmrkWpmYfyD816nom1CvtfXJ/uYfAAjavgHvXHX291tSLK8g==}
    engines: {node: '>=18'}
    hasBin: true

  conventional-changelog@7.0.2:
    resolution: {integrity: sha512-dz38xbKg2Nzd2zoPY1PXPq7skbN1tdx402OkcirIE44LetmoWODmt4h/6AwtQb6+ZHjbmMfW6Jxt4dyGt5P8cw==}
    engines: {node: '>=18'}
    hasBin: true

  conventional-commits-filter@5.0.0:
    resolution: {integrity: sha512-tQMagCOC59EVgNZcC5zl7XqO30Wki9i9J3acbUvkaosCT6JX3EeFwJD7Qqp4MCikRnzS18WXV3BLIQ66ytu6+Q==}
    engines: {node: '>=18'}

  conventional-commits-parser@6.4.0:
    resolution: {integrity: sha512-tvRg7FIBNlyPzjdG8wWRlPHQJJHI7DylhtRGeU9Lq+JuoPh5BKpPRX83ZdLrvXuOSu5Eo/e7SzOQhU4Hd2Miuw==}
    engines: {node: '>=18'}
    hasBin: true

  cross-spawn@7.0.6:
    resolution: {integrity: sha512-uV2QOWP2nWzsy2aMp8aRibhi9dlzF5Hgh5SHaB9OiTGEyDTiJJyx0uy51QXdyWbtAHNua4XJzUKca3OzKUd3vA==}
    engines: {node: '>= 8'}

  deep-eql@3.0.1:
    resolution: {integrity: sha512-+QeIQyN5ZuO+3Uk5DYh6/1eKO0m0YmJFGNmFHGACpf1ClL1nmlV/p4gNgbl2pJGxgXb4faqo6UE+M5ACEMyVcw==}
    engines: {node: '>=0.12'}

  dot-prop@5.3.0:
    resolution: {integrity: sha512-QM8q3zDe58hqUqjraQOmzZ1LIH9SWQJTlEKCH4kJ2oQvLZk7RbQXvtDM2XEq3fwkV9CCvvH4LA0AV+ogFsBM2Q==}
    engines: {node: '>=8'}

  execa@5.1.1:
    resolution: {integrity: sha512-8uSpZZocAZRBAPIEINJj3Lo9HyGitllczc27Eh5YYojjMFMn8yHMDMaUHE2Jqfq05D/wucwI4JGURyXt1vchyg==}
    engines: {node: '>=10'}

  fast-glob@3.2.12:
    resolution: {integrity: sha512-DVj4CQIYYow0BlaelwK1pHl5n5cRSJfM60UA0zK891sVInoPri2Ekj7+e1CT3/3qxXenpI+nBBmQAcJPJgaj4w==}
    engines: {node: '>=8.6.0'}

  fastq@1.13.0:
    resolution: {integrity: sha512-YpkpUnK8od0o1hmeSc7UUs/eB/vIPWJYjKck2QKIzAf71Vm1AAQ3EbuZB3g2JIy+pg+ERD0vqI79KyZiB2e2Nw==}

  fd-package-json@1.2.0:
    resolution: {integrity: sha512-45LSPmWf+gC5tdCQMNH4s9Sr00bIkiD9aN7dc5hqkrEw1geRYyDQS1v1oMHAW3ysfxfndqGsrDREHHjNNbKUfA==}

  fill-range@7.0.1:
    resolution: {integrity: sha512-qOo9F+dMUmC2Lcb4BbVvnKJxTPjCm+RRpe4gDuGrzkL7mEVl/djYSu2OdQ2Pa302N4oqkSg9ir6jaLWJ2USVpQ==}
    engines: {node: '>=8'}

  get-func-name@2.0.0:
    resolution: {integrity: sha512-Hm0ixYtaSZ/V7C8FJrtZIuBBI+iSgL+1Aq82zSu8VQNB4S3Gk8e7Qs3VwBDJAhmRZcFqkl3tQu36g/Foh5I5ig==}

  get-stream@6.0.1:
    resolution: {integrity: sha512-ts6Wi+2j3jQjqi70w5AlN8DFnkSwC+MqmxEzdEALB2qXZYV3X/b1CTfgPLGJNMeAWxdPfU8FO1ms3NUfaHCPYg==}
    engines: {node: '>=10'}

  glob-parent@5.1.2:
    resolution: {integrity: sha512-AOIgSQCepiJYwP3ARnGx+5VnTu2HBYdzbGP45eLw1vr3zB3vZLeyed1sC9hnbcOc9/SrMyM5RPQrkGz4aS9Zow==}
    engines: {node: '>= 6'}

  handlebars@4.7.8:
    resolution: {integrity: sha512-vafaFqs8MZkRrSX7sFVUdo3ap/eNiLnb4IakshzvP56X5Nr1iGKAIqdX6tMlm6HcNRIkr6AxO5jFEoJzzpT8aQ==}
    engines: {node: '>=0.4.7'}
    hasBin: true

  hosted-git-info@8.1.0:
    resolution: {integrity: sha512-Rw/B2DNQaPBICNXEm8balFz9a6WpZrkCGpcWFpy7nCj+NyhSdqXipmfvtmWt9xGfp0wZnBxB+iVpLmQMYt47Tw==}
    engines: {node: ^18.17.0 || >=20.5.0}

  human-signals@2.1.0:
    resolution: {integrity: sha512-B4FFZ6q/T2jhhksgkbEW3HBvWIfDW85snkQgawt07S7J5QXTk6BkNV+0yAeZrM5QpMAdYlocGoljn0sJ/WQkFw==}
    engines: {node: '>=10.17.0'}

  is-extglob@2.1.1:
    resolution: {integrity: sha512-SbKbANkN603Vi4jEZv49LeVJMn4yGwsbzZworEoyEiutsN3nJYdbO36zfhGJ6QEDpOZIFkDtnq5JRxmvl3jsoQ==}
    engines: {node: '>=0.10.0'}

  is-glob@4.0.3:
    resolution: {integrity: sha512-xelSayHH36ZgE7ZWhli7pW34hNbNl8Ojv5KVmkJD4hBdD3th8Tfk9vYasLM+mXWOZhFkgZfxhLSnrwRr4elSSg==}
    engines: {node: '>=0.10.0'}

  is-number@7.0.0:
    resolution: {integrity: sha512-41Cifkg6e8TylSpdtTpeLVMqvSBEVzTttHvERD741+pnZ8ANv0004MRL43QKPDlK9cGvNp6NZWZUBlbGXYxxng==}
    engines: {node: '>=0.12.0'}

  is-obj@2.0.0:
    resolution: {integrity: sha512-drqDG3cbczxxEJRoOXcOjtdp1J/lyp1mNn0xaznRs8+muBhgQcrnbspox5X5fOw0HnMnbfDzvnEMEtqDEJEo8w==}
    engines: {node: '>=8'}

  is-stream@2.0.1:
    resolution: {integrity: sha512-hFoiJiTl63nn+kstHGBtewWSKnQLpyb155KHheA1l39uvtO9nWIop1p3udqPcUd/xbF1VLMO4n7OI6p7RbngDg==}
    engines: {node: '>=8'}

  isexe@2.0.0:
    resolution: {integrity: sha512-RHxMLp9lnKHGHRng9QFhRCMbYAcVpn69smSGcq3f36xjgVVWThj4qqLbTLlq7Ssj8B+fIQ1EuCEGI2lKsyQeIw==}

  loupe@2.3.4:
    resolution: {integrity: sha512-OvKfgCC2Ndby6aSTREl5aCCPTNIzlDfQZvZxNUrBrihDhL3xcrYegTblhmEiCrg2kKQz4XsFIaemE5BF4ybSaQ==}
    deprecated: Please upgrade to 2.3.7 which fixes GHSA-4q6p-r6v2-jvc5

  lru-cache@10.4.3:
    resolution: {integrity: sha512-JNAzZcXrCt42VGLuYz0zfAzDfAvJWW6AfYlDBQyDV5DClI2m5sAmK+OIO7s59XfsRsWHp02jAJrRadPRGTt6SQ==}

  meow@13.2.0:
    resolution: {integrity: sha512-pxQJQzB6djGPXh08dacEloMFopsOqGVRKFPYvPOt9XDZ1HasbgDZA74CJGreSU4G3Ak7EFJGoiH2auq+yXISgA==}
    engines: {node: '>=18'}

  merge-stream@2.0.0:
    resolution: {integrity: sha512-abv/qOcuPfk3URPfDzmZU1LKmuw8kT+0nIHvKrKgFrwifol/doWcdA4ZqsWQ8ENrFKkd67Mfpo/LovbIUsbt3w==}

  merge2@1.4.1:
    resolution: {integrity: sha512-8q7VEgMJW4J8tcfVPy8g09NcQwZdbwFEqhe/WZkoIzjn/3TGDwtOCYtXGxA3O8tPzpczCCDgv+P2P5y00ZJOOg==}
    engines: {node: '>= 8'}

  micromatch@4.0.5:
    resolution: {integrity: sha512-DMy+ERcEW2q8Z2Po+WNXuw3c5YaUSFjAO5GsJqfEl7UjvtIuFKO6ZrKvcItdy98dwFI2N1tg3zNIdKaQT+aNdA==}
    engines: {node: '>=8.6'}

  mimic-fn@2.1.0:
    resolution: {integrity: sha512-OqbOk5oEQeAZ8WXWydlu9HJjz9WVdEIvamMCcXmuqUYjTknH/sqsWvhQ3vgwKFRR1HpjvNBKQ37nbJgYzGqGcg==}
    engines: {node: '>=6'}

  minimist@1.2.8:
    resolution: {integrity: sha512-2yyAR8qBkN3YuheJanUpWC5U3bb5osDywNB8RzDVlDwDHbocAJveqqj1u8+SVD7jkWT4yvsHCpWqqWqAxb0zCA==}

  neo-async@2.6.2:
    resolution: {integrity: sha512-Yd3UES5mWCSqR+qNT93S3UoYUkqAZ9lLg8a7g9rimsWmYGK8cVToA4/sF3RrshdyV3sAGMXVUmpMYOw+dLpOuw==}

  normalize-package-data@7.0.1:
    resolution: {integrity: sha512-linxNAT6M0ebEYZOx2tO6vBEFsVgnPpv+AVjk0wJHfaUIbq31Jm3T6vvZaarnOeWDh8ShnwXuaAyM7WT3RzErA==}
    engines: {node: ^18.17.0 || >=20.5.0}

  npm-run-path@4.0.1:
    resolution: {integrity: sha512-S48WzZW777zhNIrn7gxOlISNAqi9ZC/uQFnRdbeIHhZhCA6UqpkOT8T1G7BvfdgP4Er8gF4sUbaS0i7QvIfCWw==}
    engines: {node: '>=8'}

  onetime@5.1.2:
    resolution: {integrity: sha512-kbpaSSGJTWdAY5KPVeMOKXSrPtr8C8C7wodJbcsd51jRnmD+GZu8Y0VoU6Dm5Z4vWr0Ig/1NKuWRKf7j5aaYSg==}
    engines: {node: '>=6'}

  path-key@3.1.1:
    resolution: {integrity: sha512-ojmeN0qd+y0jszEtoY48r0Peq5dwMEkIlCOu6Q5f41lfkswXuKtYrhgoTpLnyIcHm24Uhqx+5Tqm2InSwLhE6Q==}
    engines: {node: '>=8'}

  pathval@1.1.1:
    resolution: {integrity: sha512-Dp6zGqpTdETdR63lehJYPeIOqpiNBNtc7BpWSLrOje7UaIsE5aY92r/AunQA7rsXvet3lrJ3JnZX29UPTKXyKQ==}

  picomatch@2.3.1:
    resolution: {integrity: sha512-JU3teHTNjmE2VCGFzuY8EXzCDVwEqB2a8fsIvwaStHhAWJEeVd1o1QD80CU6+ZdEXXSLbSsuLwJjkCBWqRQUVA==}
    engines: {node: '>=8.6'}

  pixelmatch@5.3.0:
    resolution: {integrity: sha512-o8mkY4E/+LNUf6LzX96ht6k6CEDi65k9G2rjMtBe9Oo+VPKSvl+0GKHuH/AlG+GA5LPG/i5hrekkxUc3s2HU+Q==}
    hasBin: true

  playwright-chromium@1.26.0:
    resolution: {integrity: sha512-4hDiVmMKmtuHW5ne11S1HCQTdL+wytprQMhWYecEjMSIKBR1DJ3JLrcUDgqA0L5Jzi/CBKYQQk6TOVlTjXybXQ==}
    engines: {node: '>=14'}
    hasBin: true

  playwright-core@1.26.0:
    resolution: {integrity: sha512-p8huU8eU4gD3VkJd3DA1nA7R3XA6rFvFL+1RYS96cSljCF2yJE9CWEHTPF4LqX8KN9MoWCrAfVKP5381X3CZqg==}
    engines: {node: '>=14'}
    hasBin: true

  pngjs@6.0.0:
    resolution: {integrity: sha512-TRzzuFRRmEoSW/p1KVAmiOgPco2Irlah+bGFCeNfJXxxYGwSw7YwAOAcd7X28K/m5bjBWKsC29KyoMfHbypayg==}
    engines: {node: '>=12.13.0'}

  prettier@3.2.5:
    resolution: {integrity: sha512-3/GWa9aOC0YeD7LUfvOG2NiDyhOWRvt1k+rcKhOuYnMY24iiCphgneUfJDyFXd6rZCAnuLBv6UeAULtrhT/F4A==}
    engines: {node: '>=14'}
    hasBin: true

  queue-microtask@1.2.3:
    resolution: {integrity: sha512-NuaNSa6flKT5JaSYQzJok04JzTL1CA6aGhv5rfLW3PgqA+M2ChpZQnAC8h8i4ZFkBS8X5RqkDBHA7r4hej3K9A==}

  reusify@1.0.4:
    resolution: {integrity: sha512-U9nH88a3fc/ekCF1l0/UP1IosiuIjyTh7hBvXVMHYgVcfGvt897Xguj2UOLDeI5BG2m7/uwyaLVT6fbtCwTyzw==}
    engines: {iojs: '>=1.0.0', node: '>=0.10.0'}

  rolldown@1.2.11:
    resolution: {integrity: sha512-qpSwIyz0jHQq5qXBTNxFmE6664rJ7O+4TvPFOiOaBSrz8IOHc1koKKSqTM2H6u1UG1+TveuC6vaDHKXFOvb1Kw==}
    engines: {node: ^20.19.0 || >=22.12.0}
    hasBin: true

  run-parallel@1.2.0:
    resolution: {integrity: sha512-5l4VyZR86LZ/lDxZTR6jqL8AFE2S0IFLMP26AbjsLVADxHdhB/c0GUsH+y39UfCi3dzz8OlQuPmnaJOMoDHQBA==}

  semver@7.6.3:
    resolution: {integrity: sha512-oVekP1cKtI+CTDvHWYFUcMtsK/00wmAEfyqKfNdARm8u1wNVhSgaX7A8d4UuIlUI5e84iEwOhs7ZPYRmzU9U6A==}
    engines: {node: '>=10'}
    hasBin: true

  shebang-command@2.0.0:
    resolution: {integrity: sha512-kHxr2zZpYtdmrN1qDjrrX/Z1rR1kG8Dx+gkpK1G4eXmvXswmcE1hTWBWYUzlraYw1/yZp6YuDY77YtvbN0dmDA==}
    engines: {node: '>=8'}

  shebang-regex@3.0.0:
    resolution: {integrity: sha512-7++dFhtcx3353uBaq8DDR4NuxBetBzC7ZQOhmTQInHEd6bSrXdiEyzCvG07Z44UYdLShWUyXt5M/yhz8ekcb1A==}
    engines: {node: '>=8'}

  signal-exit@3.0.7:
    resolution: {integrity: sha512-wnD2ZE+l+SPC/uoS0vXeE9L1+0wuaMqKlfz9AMUo38JsyLSBWSFcHR1Rri62LZc12vLr1gb3jl7iwQhgwpAbGQ==}

  source-map-support@0.5.21:
    resolution: {integrity: sha512-uBHU3L3czsIyYXKX88fdrGovxdSCoTGDRZ6SYXtSRxLZUzHg5P/66Ht6uoUlHu9EZod+inXhKo3qQgwXUT/y1w==}

  source-map@0.6.1:
    resolution: {integrity: sha512-UjgapumWlbMhkBgzT7Ykc5YXUT46F0iKu8SGXq0bcwP5dz/h0Plj6enJqjz1Zbq2l5WaqYnrVbwWOWMyF3F47g==}
    engines: {node: '>=0.10.0'}

  spdx-correct@3.2.0:
    resolution: {integrity: sha512-kN9dJbvnySHULIluDHy32WHRUu3Og7B9sbY7tsFLctQkIqnMh3hErYgdMjTYuqmcXX+lK5T1lnUt3G7zNswmZA==}

  spdx-exceptions@2.5.0:
    resolution: {integrity: sha512-PiU42r+xO4UbUS1buo3LPJkjlO7430Xn5SVAhdpzzsPHsjbYVflnnFdATgabnLude+Cqu25p6N+g2lw/PFsa4w==}

  spdx-expression-parse@3.0.1:
    resolution: {integrity: sha512-cbqHunsQWnJNE6KhVSMsMeH5H/L9EpymbzqTQ3uLwNCLZ1Q481oWaofqH7nO6V07xlXwY6PhQdQ2IedWx/ZK4Q==}

  spdx-license-ids@3.0.21:
    resolution: {integrity: sha512-Bvg/8F5XephndSK3JffaRqdT+gyhfqIPwDHpX80tJrF8QQRYMo8sNMeaZ2Dp5+jhwKnUmIOyFFQfHRkjJm5nXg==}

  strip-ansi@6.0.1:
    resolution: {integrity: sha512-Y38VPSHcqkFrCpFnQ9vuSXmquuv5oXOKpGeT6aGrr3o3Gc9AlVa6JBfUSOCnbxGGZF+/0ooI7KrPuUSztUdU5A==}
    engines: {node: '>=8'}

  strip-final-newline@2.0.0:
    resolution: {integrity: sha512-BrpvfNAE3dcvq7ll3xVumzjKjZQ5tI1sEUIKr3Uoks0XUl45St3FlatVqef9prk4jRDzhW6WZg+3bk93y6pLjA==}
    engines: {node: '>=6'}

  to-regex-range@5.0.1:
    resolution: {integrity: sha512-65P7iz6X5yEr1cwcgvQxbbIw7Uk3gOy5dIdtZ4rDveLqhrdJP+Li/Hx6tyK0NEb+2GCyneCMJiGqrADCSNk8sQ==}
    engines: {node: '>=8.0'}

  type-detect@4.0.8:
    resolution: {integrity: sha512-0fr/mIH1dlO+x7TlcMy+bIDqKPsw/70tVyeHW787goQjhmqaZe10uwLujubK9q9Lg6Fiho1KUKDYz0Z7k7g5/g==}
    engines: {node: '>=4'}

  typescript@7.0.2:
    resolution: {integrity: sha512-8FYau96o3NKOhbjKi/qNvG/W5jhzxkbdm5sj9AbZ/5T5sWqn3hJgLfGx27sRKZWTvyzCP8dLRBTf5tBTSRVUNA==}
    engines: {node: '>=16.20.0'}
    hasBin: true

  uglify-js@3.19.3:
    resolution: {integrity: sha512-v3Xu+yuwBXisp6QYTcH4UbH+xYJXqnq2m/LtQVWKWzYc1iehYnLixoQDN9FH6/j9/oybfd6W9Ghwkl8+UMKTKQ==}
    engines: {node: '>=0.8.0'}
    hasBin: true

  validate-npm-package-license@3.0.4:
    resolution: {integrity: sha512-DpKm2Ui/xN7/HQKCtpZxoRWBhZ9Z0kqtygG8XCgNQ8ZlDnxuQmWhj566j8fN4Cu3/JmbhsDo7fcAJq4s9h27Ew==}

  walk-up-path@3.0.1:
    resolution: {integrity: sha512-9YlCL/ynK3CTlrSRrDxZvUauLzAswPCrsaCgilqFevUYpeEW0/3ScEjaa3kbW/T0ghhkEr7mv+fpjqn1Y1YuTA==}

  which@2.0.2:
    resolution: {integrity: sha512-BLI3Tl1TW3Pvl70l3yq3Y64i+awpwXqsGBYWkkqMtnbXgrMD+yj7rhW0kuEDxzJaYXGjEW5ogapKNMEKNMjibA==}
    engines: {node: '>= 8'}
    hasBin: true

  wordwrap@1.0.0:
    resolution: {integrity: sha512-gvVzJFlPycKc5dZN4yPkP8w7Dc37BtP1yczEneOb4uq34pXZcvrtRTmWV8W+Ume+XCxKgbjM+nevkyFPMybd4Q==}

snapshots:

  '@biomejs/biome@1.6.2':
    optionalDependencies:
      '@biomejs/cli-darwin-arm64': 1.6.2
      '@biomejs/cli-darwin-x64': 1.6.2
      '@biomejs/cli-linux-arm64': 1.6.2
      '@biomejs/cli-linux-arm64-musl': 1.6.2
      '@biomejs/cli-linux-x64': 1.6.2
      '@biomejs/cli-linux-x64-musl': 1.6.2
      '@biomejs/cli-win32-arm64': 1.6.2
      '@biomejs/cli-win32-x64': 1.6.2

  '@biomejs/cli-darwin-arm64@1.6.2':
    optional: true

  '@biomejs/cli-darwin-x64@1.6.2':
    optional: true

  '@biomejs/cli-linux-arm64-musl@1.6.2':
    optional: true

  '@biomejs/cli-linux-arm64@1.6.2':
    optional: true

  '@biomejs/cli-linux-x64-musl@1.6.2':
    optional: true

  '@biomejs/cli-linux-x64@1.6.2':
    optional: true

  '@biomejs/cli-win32-arm64@1.6.2':
    optional: true

  '@biomejs/cli-win32-x64@1.6.2':
    optional: true

  '@brillout/part-regex@0.1.4': {}

  '@brillout/picocolors@1.0.31': {}

  '@brillout/picocolors@1.0.9': {}

  '@brillout/release-me@0.4.18(conventional-commits-filter@5.0.0)':
    dependencies:
      '@brillout/picocolors': 1.0.31
      commander: 11.1.0
      conventional-changelog: 7.0.2(conventional-commits-filter@5.0.0)
      conventional-changelog-angular: 8.0.0
      execa: 5.1.1
      semver: 7.6.3
    transitivePeerDependencies:
      - conventional-commits-filter

  '@conventional-changelog/git-client@2.7.0(conventional-commits-filter@5.0.0)(conventional-commits-parser@6.4.0)':
    dependencies:
      '@simple-libs/child-process-utils': 1.0.2
      '@simple-libs/stream-utils': 1.2.0
      semver: 7.6.3
    optionalDependencies:
      conventional-commits-filter: 5.0.0
      conventional-commits-parser: 6.4.0

  '@nodelib/fs.scandir@2.1.5':
    dependencies:
      '@nodelib/fs.stat': 2.0.5
      run-parallel: 1.2.0

  '@nodelib/fs.stat@2.0.5': {}

  '@nodelib/fs.walk@1.2.8':
    dependencies:
      '@nodelib/fs.scandir': 2.1.5
      fastq: 1.13.0

  '@oxc-project/types@0.151.0': {}

  '@rolldown/binding-android-arm-eabi@1.2.11':
    optional: true

  '@rolldown/binding-android-arm64@1.2.11':
    optional: true

  '@rolldown/binding-darwin-arm64@1.2.11':
    optional: true

  '@rolldown/binding-darwin-x64@1.2.11':
    optional: true

  '@rolldown/binding-freebsd-x64@1.2.11':
    optional: true

  '@rolldown/binding-linux-arm-gnueabihf@1.2.11':
    optional: true

  '@rolldown/binding-linux-arm64-gnu@1.2.11':
    optional: true

  '@rolldown/binding-linux-arm64-musl@1.2.11':
    optional: true

  '@rolldown/binding-linux-ppc64-gnu@1.2.11':
    optional: true

  '@rolldown/binding-linux-s390x-gnu@1.2.11':
    optional: true

  '@rolldown/binding-linux-x64-gnu@1.2.11':
    optional: true

  '@rolldown/binding-linux-x64-musl@1.2.11':
    optional: true

  '@rolldown/binding-openharmony-arm64@1.2.11':
    optional: true

  '@rolldown/binding-win32-arm64-msvc@1.2.11':
    optional: true

  '@rolldown/binding-win32-x64-msvc@1.2.11':
    optional: true

  '@rolldown/pluginutils@1.0.1': {}

  '@simple-libs/child-process-utils@1.0.2':
    dependencies:
      '@simple-libs/stream-utils': 1.2.0

  '@simple-libs/stream-utils@1.2.0': {}

  '@types/chai@4.3.3': {}

  '@types/node@15.14.9': {}

  '@types/normalize-package-data@2.4.4': {}

  '@types/pixelmatch@5.2.4':
    dependencies:
      '@types/node': 15.14.9

  '@types/pngjs@6.0.1':
    dependencies:
      '@types/node': 15.14.9

  '@types/source-map-support@0.5.6':
    dependencies:
      source-map: 0.6.1

  '@typescript/typescript-aix-ppc64@7.0.2':
    optional: true

  '@typescript/typescript-darwin-arm64@7.0.2':
    optional: true

  '@typescript/typescript-darwin-x64@7.0.2':
    optional: true

  '@typescript/typescript-freebsd-arm64@7.0.2':
    optional: true

  '@typescript/typescript-freebsd-x64@7.0.2':
    optional: true

  '@typescript/typescript-linux-arm64@7.0.2':
    optional: true

  '@typescript/typescript-linux-arm@7.0.2':
    optional: true

  '@typescript/typescript-linux-loong64@7.0.2':
    optional: true

  '@typescript/typescript-linux-mips64el@7.0.2':
    optional: true

  '@typescript/typescript-linux-ppc64@7.0.2':
    optional: true

  '@typescript/typescript-linux-riscv64@7.0.2':
    optional: true

  '@typescript/typescript-linux-s390x@7.0.2':
    optional: true

  '@typescript/typescript-linux-x64@7.0.2':
    optional: true

  '@typescript/typescript-netbsd-arm64@7.0.2':
    optional: true

  '@typescript/typescript-netbsd-x64@7.0.2':
    optional: true

  '@typescript/typescript-openbsd-arm64@7.0.2':
    optional: true

  '@typescript/typescript-openbsd-x64@7.0.2':
    optional: true

  '@typescript/typescript-sunos-x64@7.0.2':
    optional: true

  '@typescript/typescript-win32-arm64@7.0.2':
    optional: true

  '@typescript/typescript-win32-x64@7.0.2':
    optional: true

  ansi-regex@5.0.1: {}

  array-ify@1.0.0: {}

  assertion-error@1.1.0: {}

  braces@3.0.2:
    dependencies:
      fill-range: 7.0.1

  buffer-from@1.1.2: {}

  chai@4.3.6:
    dependencies:
      assertion-error: 1.1.0
      check-error: 1.0.2
      deep-eql: 3.0.1
      get-func-name: 2.0.0
      loupe: 2.3.4
      pathval: 1.1.1
      type-detect: 4.0.8

  check-error@1.0.2: {}

  commander@11.1.0: {}

  compare-func@2.0.0:
    dependencies:
      array-ify: 1.0.0
      dot-prop: 5.3.0

  conventional-changelog-angular@8.0.0:
    dependencies:
      compare-func: 2.0.0

  conventional-changelog-preset-loader@5.0.0: {}

  conventional-changelog-writer@8.4.0:
    dependencies:
      '@simple-libs/stream-utils': 1.2.0
      conventional-commits-filter: 5.0.0
      handlebars: 4.7.8
      meow: 13.2.0
      semver: 7.6.3

  conventional-changelog@7.0.2(conventional-commits-filter@5.0.0):
    dependencies:
      '@conventional-changelog/git-client': 2.7.0(conventional-commits-filter@5.0.0)(conventional-commits-parser@6.4.0)
      '@types/normalize-package-data': 2.4.4
      conventional-changelog-preset-loader: 5.0.0
      conventional-changelog-writer: 8.4.0
      conventional-commits-parser: 6.4.0
      fd-package-json: 1.2.0
      meow: 13.2.0
      normalize-package-data: 7.0.1
    transitivePeerDependencies:
      - conventional-commits-filter

  conventional-commits-filter@5.0.0: {}

  conventional-commits-parser@6.4.0:
    dependencies:
      '@simple-libs/stream-utils': 1.2.0
      meow: 13.2.0

  cross-spawn@7.0.6:
    dependencies:
      path-key: 3.1.1
      shebang-command: 2.0.0
      which: 2.0.2

  deep-eql@3.0.1:
    dependencies:
      type-detect: 4.0.8

  dot-prop@5.3.0:
    dependencies:
      is-obj: 2.0.0

  execa@5.1.1:
    dependencies:
      cross-spawn: 7.0.6
      get-stream: 6.0.1
      human-signals: 2.1.0
      is-stream: 2.0.1
      merge-stream: 2.0.0
      npm-run-path: 4.0.1
      onetime: 5.1.2
      signal-exit: 3.0.7
      strip-final-newline: 2.0.0

  fast-glob@3.2.12:
    dependencies:
      '@nodelib/fs.stat': 2.0.5
      '@nodelib/fs.walk': 1.2.8
      glob-parent: 5.1.2
      merge2: 1.4.1
      micromatch: 4.0.5

  fastq@1.13.0:
    dependencies:
      reusify: 1.0.4

  fd-package-json@1.2.0:
    dependencies:
      walk-up-path: 3.0.1

  fill-range@7.0.1:
    dependencies:
      to-regex-range: 5.0.1

  get-func-name@2.0.0: {}

  get-stream@6.0.1: {}

  glob-parent@5.1.2:
    dependencies:
      is-glob: 4.0.3

  handlebars@4.7.8:
    dependencies:
      minimist: 1.2.8
      neo-async: 2.6.2
      source-map: 0.6.1
      wordwrap: 1.0.0
    optionalDependencies:
      uglify-js: 3.19.3

  hosted-git-info@8.1.0:
    dependencies:
      lru-cache: 10.4.3

  human-signals@2.1.0: {}

  is-extglob@2.1.1: {}

  is-glob@4.0.3:
    dependencies:
      is-extglob: 2.1.1

  is-number@7.0.0: {}

  is-obj@2.0.0: {}

  is-stream@2.0.1: {}

  isexe@2.0.0: {}

  loupe@2.3.4:
    dependencies:
      get-func-name: 2.0.0

  lru-cache@10.4.3: {}

  meow@13.2.0: {}

  merge-stream@2.0.0: {}

  merge2@1.4.1: {}

  micromatch@4.0.5:
    dependencies:
      braces: 3.0.2
      picomatch: 2.3.1

  mimic-fn@2.1.0: {}

  minimist@1.2.8: {}

  neo-async@2.6.2: {}

  normalize-package-data@7.0.1:
    dependencies:
      hosted-git-info: 8.1.0
      semver: 7.6.3
      validate-npm-package-license: 3.0.4

  npm-run-path@4.0.1:
    dependencies:
      path-key: 3.1.1

  onetime@5.1.2:
    dependencies:
      mimic-fn: 2.1.0

  path-key@3.1.1: {}

  pathval@1.1.1: {}

  picomatch@2.3.1: {}

  pixelmatch@5.3.0:
    dependencies:
      pngjs: 6.0.0

  playwright-chromium@1.26.0:
    dependencies:
      playwright-core: 1.26.0

  playwright-core@1.26.0: {}

  pngjs@6.0.0: {}

  prettier@3.2.5: {}

  queue-microtask@1.2.3: {}

  reusify@1.0.4: {}

  rolldown@1.2.11:
    dependencies:
      '@oxc-project/types': 0.151.0
      '@rolldown/pluginutils': 1.0.1
    optionalDependencies:
      '@rolldown/binding-android-arm-eabi': 1.2.11
      '@rolldown/binding-android-arm64': 1.2.11
      '@rolldown/binding-darwin-arm64': 1.2.11
      '@rolldown/binding-darwin-x64': 1.2.11
      '@rolldown/binding-freebsd-x64': 1.2.11
      '@rolldown/binding-linux-arm-gnueabihf': 1.2.11
      '@rolldown/binding-linux-arm64-gnu': 1.2.11
      '@rolldown/binding-linux-arm64-musl': 1.2.11
      '@rolldown/binding-linux-ppc64-gnu': 1.2.11
      '@rolldown/binding-linux-s390x-gnu': 1.2.11
      '@rolldown/binding-linux-x64-gnu': 1.2.11
      '@rolldown/binding-linux-x64-musl': 1.2.11
      '@rolldown/binding-openharmony-arm64': 1.2.11
      '@rolldown/binding-win32-arm64-msvc': 1.2.11
      '@rolldown/binding-win32-x64-msvc': 1.2.11

  run-parallel@1.2.0:
    dependencies:
      queue-microtask: 1.2.3

  semver@7.6.3: {}

  shebang-command@2.0.0:
    dependencies:
      shebang-regex: 3.0.0

  shebang-regex@3.0.0: {}

  signal-exit@3.0.7: {}

  source-map-support@0.5.21:
    dependencies:
      buffer-from: 1.1.2
      source-map: 0.6.1

  source-map@0.6.1: {}

  spdx-correct@3.2.0:
    dependencies:
      spdx-expression-parse: 3.0.1
      spdx-license-ids: 3.0.21

  spdx-exceptions@2.5.0: {}

  spdx-expression-parse@3.0.1:
    dependencies:
      spdx-exceptions: 2.5.0
      spdx-license-ids: 3.0.21

  spdx-license-ids@3.0.21: {}

  strip-ansi@6.0.1:
    dependencies:
      ansi-regex: 5.0.1

  strip-final-newline@2.0.0: {}

  to-regex-range@5.0.1:
    dependencies:
      is-number: 7.0.0

  type-detect@4.0.8: {}

  typescript@7.0.2:
    optionalDependencies:
      '@typescript/typescript-aix-ppc64': 7.0.2
      '@typescript/typescript-darwin-arm64': 7.0.2
      '@typescript/typescript-darwin-x64': 7.0.2
      '@typescript/typescript-freebsd-arm64': 7.0.2
      '@typescript/typescript-freebsd-x64': 7.0.2
      '@typescript/typescript-linux-arm': 7.0.2
      '@typescript/typescript-linux-arm64': 7.0.2
      '@typescript/typescript-linux-loong64': 7.0.2
      '@typescript/typescript-linux-mips64el': 7.0.2
      '@typescript/typescript-linux-ppc64': 7.0.2
      '@typescript/typescript-linux-riscv64': 7.0.2
      '@typescript/typescript-linux-s390x': 7.0.2
      '@typescript/typescript-linux-x64': 7.0.2
      '@typescript/typescript-netbsd-arm64': 7.0.2
      '@typescript/typescript-netbsd-x64': 7.0.2
      '@typescript/typescript-openbsd-arm64': 7.0.2
      '@typescript/typescript-openbsd-x64': 7.0.2
      '@typescript/typescript-sunos-x64': 7.0.2
      '@typescript/typescript-win32-arm64': 7.0.2
      '@typescript/typescript-win32-x64': 7.0.2

  uglify-js@3.19.3:
    optional: true

  validate-npm-package-license@3.0.4:
    dependencies:
      spdx-correct: 3.2.0
      spdx-expression-parse: 3.0.1

  walk-up-path@3.0.1: {}

  which@2.0.2:
    dependencies:
      isexe: 2.0.0

  wordwrap@1.0.0: {}
